# THIS IS AN AUTOGENERATED FILE. DO NOT EDIT THIS FILE DIRECTLY.
# yarn lockfile v1


prettier@2.0.0:
  version "2.0.0"
  resolved "https://registry.npmmirror.com/prettier/download/prettier-2.0.0.tgz#9c8fdba0aeae3faf0d9d9391623ac4f9321a4455"
  integrity sha512-vI55PC+GFLOVtpwr2di1mYhJF36v+kztJov8sx3AmqbfdA+2Dhozxb+3e1hTgoV9lyhnVJFF3Z8GCVeMBOS1bA==

prettier@2.0.1:
  version "2.0.1"
  resolved "https://registry.npmmirror.com/prettier/download/prettier-2.0.1.tgz#3f00ac71263be34684b2b2c8d7e7f63737592dac"
  integrity sha512-piXGBcY1zoFOG0MvHpNE5reAGseLmaCRifQ/fmfF49BcYkInEs/naD/unxGNAeOKFA5+JxVrPyMvMlpzcd20UA==
